
Microsoft Visual Studio Solution File, Format Version 12.00
# Visual Studio Version 17
VisualStudioVersion = 17.1.32319.34
MinimumVisualStudioVersion = 10.0.40219.1
Project("{FAE04EC0-301F-11D3-BF4B-00C04F79EFBC}") = "RegexEmailPattern", "RegexEmailPattern\RegexEmailPattern.csproj", "{18FE6FE6-AB70-4B0C-8CEA-9504734394DC}"
EndProject
Global
	GlobalSection(SolutionConfigurationPlatforms) = preSolution
		Debug|Any CPU = Debug|Any CPU
		Release|Any CPU = Release|Any CPU
	EndGlobalSection
	GlobalSection(ProjectConfigurationPlatforms) = postSolution
		{18FE6FE6-AB70-4B0C-8CEA-9504734394DC}.Debug|Any CPU.ActiveCfg = Debug|Any CPU
		{18FE6FE6-AB70-4B0C-8CEA-9504734394DC}.Debug|Any CPU.Build.0 = Debug|Any CPU
		{18FE6FE6-AB70-4B0C-8CEA-9504734394DC}.Release|Any CPU.ActiveCfg = Release|Any CPU
		{18FE6FE6-AB70-4B0C-8CEA-9504734394DC}.Release|Any CPU.Build.0 = Release|Any CPU
	EndGlobalSection
	GlobalSection(SolutionProperties) = preSolution
		HideSolutionNode = FALSE
	EndGlobalSection
	GlobalSection(ExtensibilityGlobals) = postSolution
		SolutionGuid = {B89EFD8C-8C52-45D3-A4C5-E880638D6A1C}
	EndGlobalSection
EndGlobal
